{
  "version": 4,
  "terraform_version": "1.11.3",
  "serial": 416,
  "lineage": "60ccfb76-defc-c0ca-f3cc-fc5e8ecd3e96",
  "outputs": {
    "bastion-host": {
      "value": "158.160.179.68",
      "type": "string"
    },
    "grafana": {
      "value": "158.160.181.130",
      "type": "string"
    },
    "kibana": {
      "value": "158.160.154.226",
      "type": "string"
    },
    "web-1_ip": {
      "value": "10.0.1.36",
      "type": "string"
    },
    "web-2_ip": {
      "value": "10.0.2.24",
      "type": "string"
    }
  },
  "resources": [
    {
      "mode": "data",
      "type": "yandex_compute_image",
      "name": "ubuntu",
      "provider": "provider[\"registry.terraform.io/yandex-cloud/yandex\"]",
      "instances": [
        {
          "schema_version": 0,
          "attributes": {
            "created_at": "2025-03-24T11:03:23Z",
            "description": "Ubuntu 20.04 lts v20250317010333",
            "family": "ubuntu-2004-lts",
            "folder_id": "standard-images",
            "hardware_generation": [
              {
                "generation2_features": [],
                "legacy_features": [
                  {
                    "pci_topology": "PCI_TOPOLOGY_V2"
                  }
                ]
              }
            ],
            "id": "fd865v46cboopthn7u0k",
            "image_id": "fd865v46cboopthn7u0k",
            "kms_key_id": null,
            "labels": {
              "version": "20250317010333"
            },
            "min_disk_size": 5,
            "name": "ubuntu-20-04-lts-v20250324",
            "os_type": "linux",
            "pooled": true,
            "product_ids": [
              "f2ecp8nh5a4fl14ftlak"
            ],
            "size": 2,
            "status": "ready"
          },
          "sensitive_attributes": []
        }
      ]
    },
    {
      "mode": "managed",
      "type": "local_file",
      "name": "ansible-inventory",
      "provider": "provider[\"registry.terraform.io/hashicorp/local\"]",
      "instances": [
        {
          "schema_version": 0,
          "attributes": {
            "content": "[bastion]\n10.0.3.10 public_ip=158.160.179.68 \n\n[web]\n10.0.1.36\n10.0.2.24\n\n[prometheus]\n10.0.3.3\n\n[grafana]\n10.0.3.11 public_ip=158.160.181.130 \n\n[elasticsearch]\n10.0.1.4\n\n[kibana]\n10.0.3.6 public_ip=158.160.154.226 \n    \n[all:vars]\nansible_ssh_common_args='-o StrictHostKeyChecking=no -o UserKnownHostsFile=/dev/null -o ProxyCommand=\"ssh -p 22 -W %h:%p -q ubunta@158.160.179.68\"'\n",
            "content_base64": null,
            "content_base64sha256": "Y0SGS6j3GuvrYoPwaJjPd7xjfBo/7zwscr/spoH0W1w=",
            "content_base64sha512": "V9hVV9Hs/sJ3ABbSiQbrW20nCJTs1WAi2Ge0s0v7rMrowcmsFsH7ozEeBNEP/TDJ6IQqIRzSKQsQ2jLfWigScQ==",
            "content_md5": "e99b80808f86e3638dbcad34df1f3985",
            "content_sha1": "6677ee0273c86e78f9e3ec825ce554ce8970f36c",
            "content_sha256": "6344864ba8f71aebeb6283f06898cf77bc637c1a3fef3c2c72bfeca681f45b5c",
            "content_sha512": "57d85557d1ecfec2770016d28906eb5b6d270894ecd56022d867b4b34bfbaccae8c1c9ac16c1fba3311e04d10ffd30c9e8842a211cd2290b10da32df5a281271",
            "directory_permission": "0777",
            "file_permission": "0777",
            "filename": "/home/matvey/Diplom2/ansible/inventory.ini",
            "id": "6677ee0273c86e78f9e3ec825ce554ce8970f36c",
            "sensitive_content": null,
            "source": null
          },
          "sensitive_attributes": [
            [
              {
                "type": "get_attr",
                "value": "sensitive_content"
              }
            ]
          ],
          "dependencies": [
            "yandex_compute_instance.bastion-host",
            "yandex_compute_instance.elasticsearch",
            "yandex_compute_instance.grafana",
            "yandex_compute_instance.kibana",
            "yandex_compute_instance.prometheus",
            "yandex_compute_instance.web-1",
            "yandex_compute_instance.web-2",
            "yandex_vpc_gateway.nat_gateway",
            "yandex_vpc_network.network-1",
            "yandex_vpc_route_table.rt",
            "yandex_vpc_security_group.security-bastion-host",
            "yandex_vpc_security_group.security-elasticsearch",
            "yandex_vpc_security_group.security-prometheus",
            "yandex_vpc_security_group.security-public-grafana",
            "yandex_vpc_security_group.security-public-kibana",
            "yandex_vpc_security_group.security-ssh-traffic",
            "yandex_vpc_security_group.security-webservers",
            "yandex_vpc_subnet.subnet-1",
            "yandex_vpc_subnet.subnet-2",
            "yandex_vpc_subnet.subnet-3"
          ]
        }
      ]
    },
    {
      "mode": "managed",
      "type": "yandex_alb_backend_group",
      "name": "backend-group",
      "provider": "provider[\"registry.terraform.io/yandex-cloud/yandex\"]",
      "instances": [
        {
          "schema_version": 0,
          "attributes": {
            "created_at": "2025-03-28T12:31:30Z",
            "description": "",
            "folder_id": "b1gopai77ms7chok36rl",
            "grpc_backend": [],
            "http_backend": [
              {
                "healthcheck": [
                  {
                    "grpc_healthcheck": [],
                    "healthcheck_port": 0,
                    "healthy_threshold": 10,
                    "http_healthcheck": [
                      {
                        "expected_statuses": null,
                        "host": "",
                        "http2": false,
                        "path": "/"
                      }
                    ],
                    "interval": "1s",
                    "interval_jitter_percent": 0,
                    "stream_healthcheck": [],
                    "timeout": "1s",
                    "unhealthy_threshold": 15
                  }
                ],
                "http2": false,
                "load_balancing_config": [
                  {
                    "locality_aware_routing_percent": 0,
                    "mode": "ROUND_ROBIN",
                    "panic_threshold": 90,
                    "strict_locality": false
                  }
                ],
                "name": "http-backend",
                "port": 80,
                "storage_bucket": "",
                "target_group_ids": [
                  "ds7odvh7ni2ijfpdq3ge"
                ],
                "tls": [],
                "weight": 1
              }
            ],
            "id": "ds70alv2iiabq17tlap7",
            "labels": null,
            "name": "backend-group",
            "session_affinity": [],
            "stream_backend": [],
            "timeouts": null
          },
          "sensitive_attributes": [],
          "private": "eyJlMmJmYjczMC1lY2FhLTExZTYtOGY4OC0zNDM2M2JjN2M0YzAiOnsiY3JlYXRlIjozMDAwMDAwMDAwMDAsImRlbGV0ZSI6MzAwMDAwMDAwMDAwLCJ1cGRhdGUiOjMwMDAwMDAwMDAwMH19",
          "dependencies": [
            "yandex_alb_target_group.target-group",
            "yandex_compute_instance.web-1",
            "yandex_compute_instance.web-2",
            "yandex_vpc_gateway.nat_gateway",
            "yandex_vpc_network.network-1",
            "yandex_vpc_route_table.rt",
            "yandex_vpc_security_group.security-ssh-traffic",
            "yandex_vpc_security_group.security-webservers",
            "yandex_vpc_subnet.subnet-1",
            "yandex_vpc_subnet.subnet-2"
          ]
        }
      ]
    },
    {
      "mode": "managed",
      "type": "yandex_alb_http_router",
      "name": "http-router",
      "provider": "provider[\"registry.terraform.io/yandex-cloud/yandex\"]",
      "instances": [
        {
          "schema_version": 0,
          "attributes": {
            "created_at": "2025-03-28T12:22:34Z",
            "description": "",
            "folder_id": "b1gopai77ms7chok36rl",
            "id": "ds7je32nn5rcdgs7rgld",
            "labels": {},
            "name": "http-router",
            "route_options": [],
            "timeouts": null
          },
          "sensitive_attributes": [],
          "private": "eyJlMmJmYjczMC1lY2FhLTExZTYtOGY4OC0zNDM2M2JjN2M0YzAiOnsiY3JlYXRlIjozMDAwMDAwMDAwMDAsImRlbGV0ZSI6MzAwMDAwMDAwMDAwLCJ1cGRhdGUiOjMwMDAwMDAwMDAwMH19"
        }
      ]
    },
    {
      "mode": "managed",
      "type": "yandex_alb_load_balancer",
      "name": "load-balancer",
      "provider": "provider[\"registry.terraform.io/yandex-cloud/yandex\"]",
      "instances": [
        {
          "schema_version": 0,
          "attributes": {
            "allocation_policy": [
              {
                "location": [
                  {
                    "disable_traffic": false,
                    "subnet_id": "e2loeoq0kfairlkrl2g4",
                    "zone_id": "ru-central1-b"
                  },
                  {
                    "disable_traffic": false,
                    "subnet_id": "e9blnojdsu2sskbv7kks",
                    "zone_id": "ru-central1-a"
                  }
                ]
              }
            ],
            "created_at": "2025-03-28T12:22:39Z",
            "description": "",
            "folder_id": "b1gopai77ms7chok36rl",
            "id": "ds71fcj3qkv5f3pamqu7",
            "labels": {},
            "listener": [
              {
                "endpoint": [
                  {
                    "address": [
                      {
                        "external_ipv4_address": [
                          {
                            "address": "158.160.170.185"
                          }
                        ],
                        "external_ipv6_address": [],
                        "internal_ipv4_address": []
                      }
                    ],
                    "ports": [
                      80
                    ]
                  }
                ],
                "http": [
                  {
                    "handler": [
                      {
                        "allow_http10": false,
                        "http2_options": [],
                        "http_router_id": "ds7je32nn5rcdgs7rgld",
                        "rewrite_request_id": false
                      }
                    ],
                    "redirects": []
                  }
                ],
                "name": "listener",
                "stream": [],
                "tls": []
              }
            ],
            "log_group_id": "",
            "log_options": [],
            "name": "load-balancer",
            "network_id": "enp91ro8eqjqfooa5ikf",
            "region_id": "",
            "security_group_ids": [
              "enpni2llm40sf799gioc"
            ],
            "status": "active",
            "timeouts": null
          },
          "sensitive_attributes": [],
          "private": "eyJlMmJmYjczMC1lY2FhLTExZTYtOGY4OC0zNDM2M2JjN2M0YzAiOnsiY3JlYXRlIjo2MDAwMDAwMDAwMDAsImRlbGV0ZSI6NjAwMDAwMDAwMDAwLCJ1cGRhdGUiOjYwMDAwMDAwMDAwMH19",
          "dependencies": [
            "yandex_alb_http_router.http-router",
            "yandex_vpc_gateway.nat_gateway",
            "yandex_vpc_network.network-1",
            "yandex_vpc_route_table.rt",
            "yandex_vpc_security_group.security-public-alb",
            "yandex_vpc_subnet.subnet-1",
            "yandex_vpc_subnet.subnet-2"
          ]
        }
      ]
    },
    {
      "mode": "managed",
      "type": "yandex_alb_target_group",
      "name": "target-group",
      "provider": "provider[\"registry.terraform.io/yandex-cloud/yandex\"]",
      "instances": [
        {
          "schema_version": 0,
          "attributes": {
            "created_at": "2025-03-28T12:31:30Z",
            "description": "",
            "folder_id": "b1gopai77ms7chok36rl",
            "id": "ds7odvh7ni2ijfpdq3ge",
            "labels": null,
            "name": "target-group",
            "target": [
              {
                "ip_address": "10.0.1.36",
                "private_ipv4_address": false,
                "subnet_id": "e9blnojdsu2sskbv7kks"
              },
              {
                "ip_address": "10.0.2.24",
                "private_ipv4_address": false,
                "subnet_id": "e2loeoq0kfairlkrl2g4"
              }
            ],
            "timeouts": null
          },
          "sensitive_attributes": [],
          "private": "eyJlMmJmYjczMC1lY2FhLTExZTYtOGY4OC0zNDM2M2JjN2M0YzAiOnsiY3JlYXRlIjozMDAwMDAwMDAwMDAsImRlbGV0ZSI6MzAwMDAwMDAwMDAwLCJ1cGRhdGUiOjMwMDAwMDAwMDAwMH19",
          "dependencies": [
            "yandex_compute_instance.web-1",
            "yandex_compute_instance.web-2",
            "yandex_vpc_gateway.nat_gateway",
            "yandex_vpc_network.network-1",
            "yandex_vpc_route_table.rt",
            "yandex_vpc_security_group.security-ssh-traffic",
            "yandex_vpc_security_group.security-webservers",
            "yandex_vpc_subnet.subnet-1",
            "yandex_vpc_subnet.subnet-2"
          ]
        }
      ]
    },
    {
      "mode": "managed",
      "type": "yandex_alb_virtual_host",
      "name": "virtual-host",
      "provider": "provider[\"registry.terraform.io/yandex-cloud/yandex\"]",
      "instances": [
        {
          "schema_version": 0,
          "attributes": {
            "authority": null,
            "http_router_id": "ds7je32nn5rcdgs7rgld",
            "id": "ds7je32nn5rcdgs7rgld/virtual-host",
            "modify_request_headers": [],
            "modify_response_headers": [],
            "name": "virtual-host",
            "rate_limit": [],
            "route": [
              {
                "grpc_route": [],
                "http_route": [
                  {
                    "direct_response_action": [],
                    "http_match": [
                      {
                        "http_method": null,
                        "path": [
                          {
                            "exact": "",
                            "prefix": "/",
                            "regex": ""
                          }
                        ]
                      }
                    ],
                    "http_route_action": [
                      {
                        "auto_host_rewrite": false,
                        "backend_group_id": "ds70alv2iiabq17tlap7",
                        "host_rewrite": "",
                        "idle_timeout": "",
                        "prefix_rewrite": "",
                        "rate_limit": [],
                        "timeout": "3s",
                        "upgrade_types": null
                      }
                    ],
                    "redirect_action": []
                  }
                ],
                "name": "route",
                "route_options": []
              }
            ],
            "route_options": [],
            "timeouts": null
          },
          "sensitive_attributes": [],
          "private": "eyJlMmJmYjczMC1lY2FhLTExZTYtOGY4OC0zNDM2M2JjN2M0YzAiOnsiY3JlYXRlIjozMDAwMDAwMDAwMDAsImRlbGV0ZSI6MzAwMDAwMDAwMDAwLCJ1cGRhdGUiOjMwMDAwMDAwMDAwMH19",
          "dependencies": [
            "yandex_alb_backend_group.backend-group",
            "yandex_alb_http_router.http-router",
            "yandex_alb_target_group.target-group",
            "yandex_compute_instance.web-1",
            "yandex_compute_instance.web-2",
            "yandex_vpc_gateway.nat_gateway",
            "yandex_vpc_network.network-1",
            "yandex_vpc_route_table.rt",
            "yandex_vpc_security_group.security-ssh-traffic",
            "yandex_vpc_security_group.security-webservers",
            "yandex_vpc_subnet.subnet-1",
            "yandex_vpc_subnet.subnet-2"
          ]
        }
      ]
    },
    {
      "mode": "managed",
      "type": "yandex_compute_instance",
      "name": "bastion-host",
      "provider": "provider[\"registry.terraform.io/yandex-cloud/yandex\"]",
      "instances": [
        {
          "schema_version": 1,
          "attributes": {
            "allow_recreate": null,
            "allow_stopping_for_update": null,
            "boot_disk": [
              {
                "auto_delete": true,
                "device_name": "fv438h8l7202l8lumtur",
                "disk_id": "fv438h8l7202l8lumtur",
                "initialize_params": [
                  {
                    "block_size": 4096,
                    "description": "",
                    "image_id": "fd8h6dko5nd2k10nirmg",
                    "kms_key_id": "",
                    "name": "",
                    "size": 10,
                    "snapshot_id": "",
                    "type": "network-hdd"
                  }
                ],
                "mode": "READ_WRITE"
              }
            ],
            "created_at": "2025-03-28T12:22:46Z",
            "description": "",
            "filesystem": [],
            "folder_id": "b1gopai77ms7chok36rl",
            "fqdn": "bastion-host.ru-central1.internal",
            "gpu_cluster_id": "",
            "hardware_generation": [
              {
                "generation2_features": [],
                "legacy_features": [
                  {
                    "pci_topology": "PCI_TOPOLOGY_V2"
                  }
                ]
              }
            ],
            "hostname": "bastion-host",
            "id": "fv4ro2ck2dgkkojrkcdr",
            "labels": {},
            "local_disk": [],
            "maintenance_grace_period": "",
            "maintenance_policy": null,
            "metadata": {
              "user-data": "#cloud-config\nusers:\n  - name: ubuntu\n    groups: sudo\n    shell: /bin/bash\n    sudo: ['ALL=(ALL) NOPASSWD:ALL']\n    ssh-authorized-keys:\n       ssh-rsa AAAAB3NzaC1yc2EAAAADAQABAAACAQCFM/fG1yIYI6fEt52vISQqY0iPqFn2Y0qt9MDP1eSZs9BzGkfu0jIa7H4lJUxkuF1zQmDJ8pTrfBqeZI/4NMkgEvdTL7UZqGEXaL/g9sUokW6p1mfEf+8xeCP2eznUQRM1kHMb8ta27HUVk3yxj1OgZ1XBB26n3lR6dQTyhNnuMeqzHdW7Ucacc3++UEagUfvn2A3mPTQmU1UGE9ytglXNKr0ND49w6BP9UR2nstG4z+QuUIcKCQHtnv08RDxXdlqODJsRQhuUhA38wLV01IuGnCebJjJjQxja4U6poUzYpCQ9HQi4yEzNXiircdJfaclyYKW1KImx5rpvfHRYC+1ZCCB6xQKROhJfSnEfO420tSLK0aI/IkfpFEnTZJL2ElxTAEsZu0RC/bC89XMJlX48erZe7yzQK9xtTlW4mAMftA/kleJLKt4mP8tAEsnNL4lx/nOHaX2R8z/ALbX3PUFVWY02PKPeZl+tRI5RPOo+Gz1hQnTFwPtE4qWRf2daKeEy6Xd8uOJHCtTbswGwJjvvVThxHCNoGIf13gOW0aEMyEVOQPVMFJ6cjTuFt8Ndj6Lfq8U3Hn7ba0/fPq1DfHd3anDoAdU8BTxxGferUckuSG1/j3MPn5nX7EZ4VG3vrb4IRpOmv5lFB3MVj/cbG5MMa38zam2lgqqAl7I3LwTBcQ== matvey@matvey-VirtualBox\n"
            },
            "metadata_options": [
              {
                "aws_v1_http_endpoint": 1,
                "aws_v1_http_token": 2,
                "gce_http_endpoint": 1,
                "gce_http_token": 1
              }
            ],
            "name": "bastion-host",
            "network_acceleration_type": "standard",
            "network_interface": [
              {
                "dns_record": [],
                "index": 0,
                "ip_address": "10.0.3.10",
                "ipv4": true,
                "ipv6": false,
                "ipv6_address": "",
                "ipv6_dns_record": [],
                "mac_address": "d0:0d:1b:c0:99:41",
                "nat": true,
                "nat_dns_record": [],
                "nat_ip_address": "158.160.179.68",
                "nat_ip_version": "IPV4",
                "security_group_ids": [
                  "enpsn06fdhh1s82mmb15"
                ],
                "subnet_id": "fl8ncfsbg6ccceorqmb0"
              }
            ],
            "placement_policy": [
              {
                "host_affinity_rules": [],
                "placement_group_id": "",
                "placement_group_partition": 0
              }
            ],
            "platform_id": "standard-v3",
            "resources": [
              {
                "core_fraction": 20,
                "cores": 2,
                "gpus": 0,
                "memory": 2
              }
            ],
            "scheduling_policy": [
              {
                "preemptible": true
              }
            ],
            "secondary_disk": [],
            "service_account_id": "",
            "status": "running",
            "timeouts": null,
            "zone": "ru-central1-d"
          },
          "sensitive_attributes": [],
          "private": "eyJlMmJmYjczMC1lY2FhLTExZTYtOGY4OC0zNDM2M2JjN2M0YzAiOnsiY3JlYXRlIjozMDAwMDAwMDAwMDAsImRlbGV0ZSI6MzAwMDAwMDAwMDAwLCJ1cGRhdGUiOjMwMDAwMDAwMDAwMH0sInNjaGVtYV92ZXJzaW9uIjoiMSJ9",
          "dependencies": [
            "yandex_vpc_gateway.nat_gateway",
            "yandex_vpc_network.network-1",
            "yandex_vpc_route_table.rt",
            "yandex_vpc_security_group.security-bastion-host",
            "yandex_vpc_subnet.subnet-3"
          ]
        }
      ]
    },
    {
      "mode": "managed",
      "type": "yandex_compute_instance",
      "name": "elasticsearch",
      "provider": "provider[\"registry.terraform.io/yandex-cloud/yandex\"]",
      "instances": [
        {
          "schema_version": 1,
          "attributes": {
            "allow_recreate": null,
            "allow_stopping_for_update": null,
            "boot_disk": [
              {
                "auto_delete": true,
                "device_name": "fhmur7lm7v0r390467an",
                "disk_id": "fhmur7lm7v0r390467an",
                "initialize_params": [
                  {
                    "block_size": 4096,
                    "description": "",
                    "image_id": "fd8h6dko5nd2k10nirmg",
                    "kms_key_id": "",
                    "name": "",
                    "size": 15,
                    "snapshot_id": "",
                    "type": "network-hdd"
                  }
                ],
                "mode": "READ_WRITE"
              }
            ],
            "created_at": "2025-03-28T12:22:50Z",
            "description": "",
            "filesystem": [],
            "folder_id": "b1gopai77ms7chok36rl",
            "fqdn": "elasticsearch.ru-central1.internal",
            "gpu_cluster_id": "",
            "hardware_generation": [
              {
                "generation2_features": [],
                "legacy_features": [
                  {
                    "pci_topology": "PCI_TOPOLOGY_V2"
                  }
                ]
              }
            ],
            "hostname": "elasticsearch",
            "id": "fhma7gpcjehnt2lhht9r",
            "labels": {},
            "local_disk": [],
            "maintenance_grace_period": "",
            "maintenance_policy": null,
            "metadata": {
              "user-data": "#cloud-config\nusers:\n  - name: ubuntu\n    groups: sudo\n    shell: /bin/bash\n    sudo: ['ALL=(ALL) NOPASSWD:ALL']\n    ssh-authorized-keys:\n       ssh-rsa AAAAB3NzaC1yc2EAAAADAQABAAACAQCFM/fG1yIYI6fEt52vISQqY0iPqFn2Y0qt9MDP1eSZs9BzGkfu0jIa7H4lJUxkuF1zQmDJ8pTrfBqeZI/4NMkgEvdTL7UZqGEXaL/g9sUokW6p1mfEf+8xeCP2eznUQRM1kHMb8ta27HUVk3yxj1OgZ1XBB26n3lR6dQTyhNnuMeqzHdW7Ucacc3++UEagUfvn2A3mPTQmU1UGE9ytglXNKr0ND49w6BP9UR2nstG4z+QuUIcKCQHtnv08RDxXdlqODJsRQhuUhA38wLV01IuGnCebJjJjQxja4U6poUzYpCQ9HQi4yEzNXiircdJfaclyYKW1KImx5rpvfHRYC+1ZCCB6xQKROhJfSnEfO420tSLK0aI/IkfpFEnTZJL2ElxTAEsZu0RC/bC89XMJlX48erZe7yzQK9xtTlW4mAMftA/kleJLKt4mP8tAEsnNL4lx/nOHaX2R8z/ALbX3PUFVWY02PKPeZl+tRI5RPOo+Gz1hQnTFwPtE4qWRf2daKeEy6Xd8uOJHCtTbswGwJjvvVThxHCNoGIf13gOW0aEMyEVOQPVMFJ6cjTuFt8Ndj6Lfq8U3Hn7ba0/fPq1DfHd3anDoAdU8BTxxGferUckuSG1/j3MPn5nX7EZ4VG3vrb4IRpOmv5lFB3MVj/cbG5MMa38zam2lgqqAl7I3LwTBcQ== matvey@matvey-VirtualBox\n"
            },
            "metadata_options": [
              {
                "aws_v1_http_endpoint": 1,
                "aws_v1_http_token": 2,
                "gce_http_endpoint": 1,
                "gce_http_token": 1
              }
            ],
            "name": "elasticsearch",
            "network_acceleration_type": "standard",
            "network_interface": [
              {
                "dns_record": [],
                "index": 0,
                "ip_address": "10.0.1.4",
                "ipv4": true,
                "ipv6": false,
                "ipv6_address": "",
                "ipv6_dns_record": [],
                "mac_address": "d0:0d:a3:c3:2c:9b",
                "nat": false,
                "nat_dns_record": [],
                "nat_ip_address": "",
                "nat_ip_version": "",
                "security_group_ids": [
                  "enp4aq09a6krfsglebe1",
                  "enpkf6vonuoqvgm68572"
                ],
                "subnet_id": "e9blnojdsu2sskbv7kks"
              }
            ],
            "placement_policy": [
              {
                "host_affinity_rules": [],
                "placement_group_id": "",
                "placement_group_partition": 0
              }
            ],
            "platform_id": "standard-v3",
            "resources": [
              {
                "core_fraction": 50,
                "cores": 4,
                "gpus": 0,
                "memory": 8
              }
            ],
            "scheduling_policy": [
              {
                "preemptible": true
              }
            ],
            "secondary_disk": [],
            "service_account_id": "",
            "status": "running",
            "timeouts": null,
            "zone": "ru-central1-a"
          },
          "sensitive_attributes": [],
          "private": "eyJlMmJmYjczMC1lY2FhLTExZTYtOGY4OC0zNDM2M2JjN2M0YzAiOnsiY3JlYXRlIjozMDAwMDAwMDAwMDAsImRlbGV0ZSI6MzAwMDAwMDAwMDAwLCJ1cGRhdGUiOjMwMDAwMDAwMDAwMH0sInNjaGVtYV92ZXJzaW9uIjoiMSJ9",
          "dependencies": [
            "yandex_vpc_gateway.nat_gateway",
            "yandex_vpc_network.network-1",
            "yandex_vpc_route_table.rt",
            "yandex_vpc_security_group.security-elasticsearch",
            "yandex_vpc_security_group.security-ssh-traffic",
            "yandex_vpc_subnet.subnet-1"
          ]
        }
      ]
    },
    {
      "mode": "managed",
      "type": "yandex_compute_instance",
      "name": "grafana",
      "provider": "provider[\"registry.terraform.io/yandex-cloud/yandex\"]",
      "instances": [
        {
          "schema_version": 1,
          "attributes": {
            "allow_recreate": null,
            "allow_stopping_for_update": null,
            "boot_disk": [
              {
                "auto_delete": true,
                "device_name": "fv48s9suttdn71fd4f9o",
                "disk_id": "fv48s9suttdn71fd4f9o",
                "initialize_params": [
                  {
                    "block_size": 4096,
                    "description": "",
                    "image_id": "fd8h6dko5nd2k10nirmg",
                    "kms_key_id": "",
                    "name": "",
                    "size": 10,
                    "snapshot_id": "",
                    "type": "network-hdd"
                  }
                ],
                "mode": "READ_WRITE"
              }
            ],
            "created_at": "2025-03-28T12:22:52Z",
            "description": "",
            "filesystem": [],
            "folder_id": "b1gopai77ms7chok36rl",
            "fqdn": "grafana.ru-central1.internal",
            "gpu_cluster_id": "",
            "hardware_generation": [
              {
                "generation2_features": [],
                "legacy_features": [
                  {
                    "pci_topology": "PCI_TOPOLOGY_V2"
                  }
                ]
              }
            ],
            "hostname": "grafana",
            "id": "fv4ngoenb71qje3a985d",
            "labels": {},
            "local_disk": [],
            "maintenance_grace_period": "",
            "maintenance_policy": null,
            "metadata": {
              "user-data": "#cloud-config\nusers:\n  - name: ubuntu\n    groups: sudo\n    shell: /bin/bash\n    sudo: ['ALL=(ALL) NOPASSWD:ALL']\n    ssh-authorized-keys:\n       ssh-rsa AAAAB3NzaC1yc2EAAAADAQABAAACAQCFM/fG1yIYI6fEt52vISQqY0iPqFn2Y0qt9MDP1eSZs9BzGkfu0jIa7H4lJUxkuF1zQmDJ8pTrfBqeZI/4NMkgEvdTL7UZqGEXaL/g9sUokW6p1mfEf+8xeCP2eznUQRM1kHMb8ta27HUVk3yxj1OgZ1XBB26n3lR6dQTyhNnuMeqzHdW7Ucacc3++UEagUfvn2A3mPTQmU1UGE9ytglXNKr0ND49w6BP9UR2nstG4z+QuUIcKCQHtnv08RDxXdlqODJsRQhuUhA38wLV01IuGnCebJjJjQxja4U6poUzYpCQ9HQi4yEzNXiircdJfaclyYKW1KImx5rpvfHRYC+1ZCCB6xQKROhJfSnEfO420tSLK0aI/IkfpFEnTZJL2ElxTAEsZu0RC/bC89XMJlX48erZe7yzQK9xtTlW4mAMftA/kleJLKt4mP8tAEsnNL4lx/nOHaX2R8z/ALbX3PUFVWY02PKPeZl+tRI5RPOo+Gz1hQnTFwPtE4qWRf2daKeEy6Xd8uOJHCtTbswGwJjvvVThxHCNoGIf13gOW0aEMyEVOQPVMFJ6cjTuFt8Ndj6Lfq8U3Hn7ba0/fPq1DfHd3anDoAdU8BTxxGferUckuSG1/j3MPn5nX7EZ4VG3vrb4IRpOmv5lFB3MVj/cbG5MMa38zam2lgqqAl7I3LwTBcQ== matvey@matvey-VirtualBox\n"
            },
            "metadata_options": [
              {
                "aws_v1_http_endpoint": 1,
                "aws_v1_http_token": 2,
                "gce_http_endpoint": 1,
                "gce_http_token": 1
              }
            ],
            "name": "grafana",
            "network_acceleration_type": "standard",
            "network_interface": [
              {
                "dns_record": [],
                "index": 0,
                "ip_address": "10.0.3.11",
                "ipv4": true,
                "ipv6": false,
                "ipv6_address": "",
                "ipv6_dns_record": [],
                "mac_address": "d0:0d:17:86:1d:75",
                "nat": true,
                "nat_dns_record": [],
                "nat_ip_address": "158.160.181.130",
                "nat_ip_version": "IPV4",
                "security_group_ids": [
                  "enpkf6vonuoqvgm68572",
                  "enpkkm6b8btigqs14vaf"
                ],
                "subnet_id": "fl8ncfsbg6ccceorqmb0"
              }
            ],
            "placement_policy": [
              {
                "host_affinity_rules": [],
                "placement_group_id": "",
                "placement_group_partition": 0
              }
            ],
            "platform_id": "standard-v3",
            "resources": [
              {
                "core_fraction": 20,
                "cores": 2,
                "gpus": 0,
                "memory": 2
              }
            ],
            "scheduling_policy": [
              {
                "preemptible": true
              }
            ],
            "secondary_disk": [],
            "service_account_id": "",
            "status": "running",
            "timeouts": null,
            "zone": "ru-central1-d"
          },
          "sensitive_attributes": [],
          "private": "eyJlMmJmYjczMC1lY2FhLTExZTYtOGY4OC0zNDM2M2JjN2M0YzAiOnsiY3JlYXRlIjozMDAwMDAwMDAwMDAsImRlbGV0ZSI6MzAwMDAwMDAwMDAwLCJ1cGRhdGUiOjMwMDAwMDAwMDAwMH0sInNjaGVtYV92ZXJzaW9uIjoiMSJ9",
          "dependencies": [
            "yandex_vpc_gateway.nat_gateway",
            "yandex_vpc_network.network-1",
            "yandex_vpc_route_table.rt",
            "yandex_vpc_security_group.security-public-grafana",
            "yandex_vpc_security_group.security-ssh-traffic",
            "yandex_vpc_subnet.subnet-3"
          ]
        }
      ]
    },
    {
      "mode": "managed",
      "type": "yandex_compute_instance",
      "name": "kibana",
      "provider": "provider[\"registry.terraform.io/yandex-cloud/yandex\"]",
      "instances": [
        {
          "schema_version": 1,
          "attributes": {
            "allow_recreate": null,
            "allow_stopping_for_update": null,
            "boot_disk": [
              {
                "auto_delete": true,
                "device_name": "fv4gub01of779546uu77",
                "disk_id": "fv4gub01of779546uu77",
                "initialize_params": [
                  {
                    "block_size": 4096,
                    "description": "",
                    "image_id": "fd8h6dko5nd2k10nirmg",
                    "kms_key_id": "",
                    "name": "",
                    "size": 10,
                    "snapshot_id": "",
                    "type": "network-hdd"
                  }
                ],
                "mode": "READ_WRITE"
              }
            ],
            "created_at": "2025-03-28T12:22:50Z",
            "description": "",
            "filesystem": [],
            "folder_id": "b1gopai77ms7chok36rl",
            "fqdn": "kibana.ru-central1.internal",
            "gpu_cluster_id": "",
            "hardware_generation": [
              {
                "generation2_features": [],
                "legacy_features": [
                  {
                    "pci_topology": "PCI_TOPOLOGY_V2"
                  }
                ]
              }
            ],
            "hostname": "kibana",
            "id": "fv4mbmcf2vap9r8are90",
            "labels": {},
            "local_disk": [],
            "maintenance_grace_period": "",
            "maintenance_policy": null,
            "metadata": {
              "user-data": "#cloud-config\nusers:\n  - name: ubuntu\n    groups: sudo\n    shell: /bin/bash\n    sudo: ['ALL=(ALL) NOPASSWD:ALL']\n    ssh-authorized-keys:\n       ssh-rsa AAAAB3NzaC1yc2EAAAADAQABAAACAQCFM/fG1yIYI6fEt52vISQqY0iPqFn2Y0qt9MDP1eSZs9BzGkfu0jIa7H4lJUxkuF1zQmDJ8pTrfBqeZI/4NMkgEvdTL7UZqGEXaL/g9sUokW6p1mfEf+8xeCP2eznUQRM1kHMb8ta27HUVk3yxj1OgZ1XBB26n3lR6dQTyhNnuMeqzHdW7Ucacc3++UEagUfvn2A3mPTQmU1UGE9ytglXNKr0ND49w6BP9UR2nstG4z+QuUIcKCQHtnv08RDxXdlqODJsRQhuUhA38wLV01IuGnCebJjJjQxja4U6poUzYpCQ9HQi4yEzNXiircdJfaclyYKW1KImx5rpvfHRYC+1ZCCB6xQKROhJfSnEfO420tSLK0aI/IkfpFEnTZJL2ElxTAEsZu0RC/bC89XMJlX48erZe7yzQK9xtTlW4mAMftA/kleJLKt4mP8tAEsnNL4lx/nOHaX2R8z/ALbX3PUFVWY02PKPeZl+tRI5RPOo+Gz1hQnTFwPtE4qWRf2daKeEy6Xd8uOJHCtTbswGwJjvvVThxHCNoGIf13gOW0aEMyEVOQPVMFJ6cjTuFt8Ndj6Lfq8U3Hn7ba0/fPq1DfHd3anDoAdU8BTxxGferUckuSG1/j3MPn5nX7EZ4VG3vrb4IRpOmv5lFB3MVj/cbG5MMa38zam2lgqqAl7I3LwTBcQ== matvey@matvey-VirtualBox\n"
            },
            "metadata_options": [
              {
                "aws_v1_http_endpoint": 1,
                "aws_v1_http_token": 2,
                "gce_http_endpoint": 1,
                "gce_http_token": 1
              }
            ],
            "name": "kibana",
            "network_acceleration_type": "standard",
            "network_interface": [
              {
                "dns_record": [],
                "index": 0,
                "ip_address": "10.0.3.6",
                "ipv4": true,
                "ipv6": false,
                "ipv6_address": "",
                "ipv6_dns_record": [],
                "mac_address": "d0:0d:16:5d:98:f1",
                "nat": true,
                "nat_dns_record": [],
                "nat_ip_address": "158.160.154.226",
                "nat_ip_version": "IPV4",
                "security_group_ids": [
                  "enp4utuuf740ugaq0g90",
                  "enpkf6vonuoqvgm68572"
                ],
                "subnet_id": "fl8ncfsbg6ccceorqmb0"
              }
            ],
            "placement_policy": [
              {
                "host_affinity_rules": [],
                "placement_group_id": "",
                "placement_group_partition": 0
              }
            ],
            "platform_id": "standard-v3",
            "resources": [
              {
                "core_fraction": 20,
                "cores": 2,
                "gpus": 0,
                "memory": 4
              }
            ],
            "scheduling_policy": [
              {
                "preemptible": true
              }
            ],
            "secondary_disk": [],
            "service_account_id": "",
            "status": "running",
            "timeouts": null,
            "zone": "ru-central1-d"
          },
          "sensitive_attributes": [],
          "private": "eyJlMmJmYjczMC1lY2FhLTExZTYtOGY4OC0zNDM2M2JjN2M0YzAiOnsiY3JlYXRlIjozMDAwMDAwMDAwMDAsImRlbGV0ZSI6MzAwMDAwMDAwMDAwLCJ1cGRhdGUiOjMwMDAwMDAwMDAwMH0sInNjaGVtYV92ZXJzaW9uIjoiMSJ9",
          "dependencies": [
            "yandex_vpc_gateway.nat_gateway",
            "yandex_vpc_network.network-1",
            "yandex_vpc_route_table.rt",
            "yandex_vpc_security_group.security-public-kibana",
            "yandex_vpc_security_group.security-ssh-traffic",
            "yandex_vpc_subnet.subnet-3"
          ]
        }
      ]
    },
    {
      "mode": "managed",
      "type": "yandex_compute_instance",
      "name": "prometheus",
      "provider": "provider[\"registry.terraform.io/yandex-cloud/yandex\"]",
      "instances": [
        {
          "schema_version": 1,
          "attributes": {
            "allow_recreate": null,
            "allow_stopping_for_update": null,
            "boot_disk": [
              {
                "auto_delete": true,
                "device_name": "fv4at5ndgflqbs9nd4n5",
                "disk_id": "fv4at5ndgflqbs9nd4n5",
                "initialize_params": [
                  {
                    "block_size": 4096,
                    "description": "",
                    "image_id": "fd8h6dko5nd2k10nirmg",
                    "kms_key_id": "",
                    "name": "",
                    "size": 10,
                    "snapshot_id": "",
                    "type": "network-hdd"
                  }
                ],
                "mode": "READ_WRITE"
              }
            ],
            "created_at": "2025-03-28T12:22:50Z",
            "description": "",
            "filesystem": [],
            "folder_id": "b1gopai77ms7chok36rl",
            "fqdn": "prometheus.ru-central1.internal",
            "gpu_cluster_id": "",
            "hardware_generation": [
              {
                "generation2_features": [],
                "legacy_features": [
                  {
                    "pci_topology": "PCI_TOPOLOGY_V2"
                  }
                ]
              }
            ],
            "hostname": "prometheus",
            "id": "fv4drsgqg9aitshtspjk",
            "labels": {},
            "local_disk": [],
            "maintenance_grace_period": "",
            "maintenance_policy": null,
            "metadata": {
              "user-data": "#cloud-config\nusers:\n  - name: ubuntu\n    groups: sudo\n    shell: /bin/bash\n    sudo: ['ALL=(ALL) NOPASSWD:ALL']\n    ssh-authorized-keys:\n       ssh-rsa AAAAB3NzaC1yc2EAAAADAQABAAACAQCFM/fG1yIYI6fEt52vISQqY0iPqFn2Y0qt9MDP1eSZs9BzGkfu0jIa7H4lJUxkuF1zQmDJ8pTrfBqeZI/4NMkgEvdTL7UZqGEXaL/g9sUokW6p1mfEf+8xeCP2eznUQRM1kHMb8ta27HUVk3yxj1OgZ1XBB26n3lR6dQTyhNnuMeqzHdW7Ucacc3++UEagUfvn2A3mPTQmU1UGE9ytglXNKr0ND49w6BP9UR2nstG4z+QuUIcKCQHtnv08RDxXdlqODJsRQhuUhA38wLV01IuGnCebJjJjQxja4U6poUzYpCQ9HQi4yEzNXiircdJfaclyYKW1KImx5rpvfHRYC+1ZCCB6xQKROhJfSnEfO420tSLK0aI/IkfpFEnTZJL2ElxTAEsZu0RC/bC89XMJlX48erZe7yzQK9xtTlW4mAMftA/kleJLKt4mP8tAEsnNL4lx/nOHaX2R8z/ALbX3PUFVWY02PKPeZl+tRI5RPOo+Gz1hQnTFwPtE4qWRf2daKeEy6Xd8uOJHCtTbswGwJjvvVThxHCNoGIf13gOW0aEMyEVOQPVMFJ6cjTuFt8Ndj6Lfq8U3Hn7ba0/fPq1DfHd3anDoAdU8BTxxGferUckuSG1/j3MPn5nX7EZ4VG3vrb4IRpOmv5lFB3MVj/cbG5MMa38zam2lgqqAl7I3LwTBcQ== matvey@matvey-VirtualBox\n"
            },
            "metadata_options": [
              {
                "aws_v1_http_endpoint": 1,
                "aws_v1_http_token": 2,
                "gce_http_endpoint": 1,
                "gce_http_token": 1
              }
            ],
            "name": "prometheus",
            "network_acceleration_type": "standard",
            "network_interface": [
              {
                "dns_record": [],
                "index": 0,
                "ip_address": "10.0.3.3",
                "ipv4": true,
                "ipv6": false,
                "ipv6_address": "",
                "ipv6_dns_record": [],
                "mac_address": "d0:0d:dd:f2:1a:82",
                "nat": false,
                "nat_dns_record": [],
                "nat_ip_address": "",
                "nat_ip_version": "",
                "security_group_ids": [
                  "enp6h0tji4erg9sr5iju",
                  "enpkf6vonuoqvgm68572"
                ],
                "subnet_id": "fl8ncfsbg6ccceorqmb0"
              }
            ],
            "placement_policy": [
              {
                "host_affinity_rules": [],
                "placement_group_id": "",
                "placement_group_partition": 0
              }
            ],
            "platform_id": "standard-v3",
            "resources": [
              {
                "core_fraction": 20,
                "cores": 2,
                "gpus": 0,
                "memory": 2
              }
            ],
            "scheduling_policy": [
              {
                "preemptible": true
              }
            ],
            "secondary_disk": [],
            "service_account_id": "",
            "status": "running",
            "timeouts": null,
            "zone": "ru-central1-d"
          },
          "sensitive_attributes": [],
          "private": "eyJlMmJmYjczMC1lY2FhLTExZTYtOGY4OC0zNDM2M2JjN2M0YzAiOnsiY3JlYXRlIjozMDAwMDAwMDAwMDAsImRlbGV0ZSI6MzAwMDAwMDAwMDAwLCJ1cGRhdGUiOjMwMDAwMDAwMDAwMH0sInNjaGVtYV92ZXJzaW9uIjoiMSJ9",
          "dependencies": [
            "yandex_vpc_gateway.nat_gateway",
            "yandex_vpc_network.network-1",
            "yandex_vpc_route_table.rt",
            "yandex_vpc_security_group.security-prometheus",
            "yandex_vpc_security_group.security-ssh-traffic",
            "yandex_vpc_subnet.subnet-3"
          ]
        }
      ]
    },
    {
      "mode": "managed",
      "type": "yandex_compute_instance",
      "name": "web-1",
      "provider": "provider[\"registry.terraform.io/yandex-cloud/yandex\"]",
      "instances": [
        {
          "schema_version": 1,
          "attributes": {
            "allow_recreate": null,
            "allow_stopping_for_update": null,
            "boot_disk": [
              {
                "auto_delete": true,
                "device_name": "fhmg080dgemlegerg6nh",
                "disk_id": "fhmg080dgemlegerg6nh",
                "initialize_params": [
                  {
                    "block_size": 4096,
                    "description": "",
                    "image_id": "fd8h6dko5nd2k10nirmg",
                    "kms_key_id": "",
                    "name": "",
                    "size": 5,
                    "snapshot_id": "",
                    "type": "network-hdd"
                  }
                ],
                "mode": "READ_WRITE"
              }
            ],
            "created_at": "2025-03-28T12:28:38Z",
            "description": "",
            "filesystem": [],
            "folder_id": "b1gopai77ms7chok36rl",
            "fqdn": "web-1.ru-central1.internal",
            "gpu_cluster_id": "",
            "hardware_generation": [
              {
                "generation2_features": [],
                "legacy_features": [
                  {
                    "pci_topology": "PCI_TOPOLOGY_V2"
                  }
                ]
              }
            ],
            "hostname": "web-1",
            "id": "fhm8dssfns6lk5fmr9hl",
            "labels": null,
            "local_disk": [],
            "maintenance_grace_period": "",
            "maintenance_policy": null,
            "metadata": {
              "user-data": "#cloud-config\nusers:\n  - name: ubuntu\n    groups: sudo\n    shell: /bin/bash\n    sudo: ['ALL=(ALL) NOPASSWD:ALL']\n    ssh-authorized-keys:\n       ssh-rsa AAAAB3NzaC1yc2EAAAADAQABAAACAQCFM/fG1yIYI6fEt52vISQqY0iPqFn2Y0qt9MDP1eSZs9BzGkfu0jIa7H4lJUxkuF1zQmDJ8pTrfBqeZI/4NMkgEvdTL7UZqGEXaL/g9sUokW6p1mfEf+8xeCP2eznUQRM1kHMb8ta27HUVk3yxj1OgZ1XBB26n3lR6dQTyhNnuMeqzHdW7Ucacc3++UEagUfvn2A3mPTQmU1UGE9ytglXNKr0ND49w6BP9UR2nstG4z+QuUIcKCQHtnv08RDxXdlqODJsRQhuUhA38wLV01IuGnCebJjJjQxja4U6poUzYpCQ9HQi4yEzNXiircdJfaclyYKW1KImx5rpvfHRYC+1ZCCB6xQKROhJfSnEfO420tSLK0aI/IkfpFEnTZJL2ElxTAEsZu0RC/bC89XMJlX48erZe7yzQK9xtTlW4mAMftA/kleJLKt4mP8tAEsnNL4lx/nOHaX2R8z/ALbX3PUFVWY02PKPeZl+tRI5RPOo+Gz1hQnTFwPtE4qWRf2daKeEy6Xd8uOJHCtTbswGwJjvvVThxHCNoGIf13gOW0aEMyEVOQPVMFJ6cjTuFt8Ndj6Lfq8U3Hn7ba0/fPq1DfHd3anDoAdU8BTxxGferUckuSG1/j3MPn5nX7EZ4VG3vrb4IRpOmv5lFB3MVj/cbG5MMa38zam2lgqqAl7I3LwTBcQ== matvey@matvey-VirtualBox\n"
            },
            "metadata_options": [
              {
                "aws_v1_http_endpoint": 1,
                "aws_v1_http_token": 2,
                "gce_http_endpoint": 1,
                "gce_http_token": 1
              }
            ],
            "name": "web-1",
            "network_acceleration_type": "standard",
            "network_interface": [
              {
                "dns_record": [],
                "index": 0,
                "ip_address": "10.0.1.36",
                "ipv4": true,
                "ipv6": false,
                "ipv6_address": "",
                "ipv6_dns_record": [],
                "mac_address": "d0:0d:86:f3:8f:bf",
                "nat": true,
                "nat_dns_record": [],
                "nat_ip_address": "51.250.86.208",
                "nat_ip_version": "IPV4",
                "security_group_ids": [],
                "subnet_id": "e9blnojdsu2sskbv7kks"
              },
              {
                "dns_record": [],
                "index": 1,
                "ip_address": "10.0.1.3",
                "ipv4": true,
                "ipv6": false,
                "ipv6_address": "",
                "ipv6_dns_record": [],
                "mac_address": "d0:1d:86:f3:8f:bf",
                "nat": false,
                "nat_dns_record": [],
                "nat_ip_address": "",
                "nat_ip_version": "",
                "security_group_ids": [
                  "enpg30k6isd529gqcfra",
                  "enpkf6vonuoqvgm68572"
                ],
                "subnet_id": "e9blnojdsu2sskbv7kks"
              }
            ],
            "placement_policy": [
              {
                "host_affinity_rules": [],
                "placement_group_id": "",
                "placement_group_partition": 0
              }
            ],
            "platform_id": "standard-v3",
            "resources": [
              {
                "core_fraction": 20,
                "cores": 2,
                "gpus": 0,
                "memory": 2
              }
            ],
            "scheduling_policy": [
              {
                "preemptible": true
              }
            ],
            "secondary_disk": [],
            "service_account_id": "",
            "status": "running",
            "timeouts": null,
            "zone": "ru-central1-a"
          },
          "sensitive_attributes": [],
          "private": "eyJlMmJmYjczMC1lY2FhLTExZTYtOGY4OC0zNDM2M2JjN2M0YzAiOnsiY3JlYXRlIjozMDAwMDAwMDAwMDAsImRlbGV0ZSI6MzAwMDAwMDAwMDAwLCJ1cGRhdGUiOjMwMDAwMDAwMDAwMH0sInNjaGVtYV92ZXJzaW9uIjoiMSJ9",
          "dependencies": [
            "yandex_vpc_gateway.nat_gateway",
            "yandex_vpc_network.network-1",
            "yandex_vpc_route_table.rt",
            "yandex_vpc_security_group.security-ssh-traffic",
            "yandex_vpc_security_group.security-webservers",
            "yandex_vpc_subnet.subnet-1"
          ]
        }
      ]
    },
    {
      "mode": "managed",
      "type": "yandex_compute_instance",
      "name": "web-2",
      "provider": "provider[\"registry.terraform.io/yandex-cloud/yandex\"]",
      "instances": [
        {
          "schema_version": 1,
          "attributes": {
            "allow_recreate": null,
            "allow_stopping_for_update": null,
            "boot_disk": [
              {
                "auto_delete": true,
                "device_name": "epd5bo7e23gqlsq5h8cr",
                "disk_id": "epd5bo7e23gqlsq5h8cr",
                "initialize_params": [
                  {
                    "block_size": 4096,
                    "description": "",
                    "image_id": "fd8h6dko5nd2k10nirmg",
                    "kms_key_id": "",
                    "name": "",
                    "size": 5,
                    "snapshot_id": "",
                    "type": "network-hdd"
                  }
                ],
                "mode": "READ_WRITE"
              }
            ],
            "created_at": "2025-03-28T12:22:50Z",
            "description": "",
            "filesystem": [],
            "folder_id": "b1gopai77ms7chok36rl",
            "fqdn": "web-2.ru-central1.internal",
            "gpu_cluster_id": "",
            "hardware_generation": [
              {
                "generation2_features": [],
                "legacy_features": [
                  {
                    "pci_topology": "PCI_TOPOLOGY_V2"
                  }
                ]
              }
            ],
            "hostname": "web-2",
            "id": "epd6t9psnja46mtnfmes",
            "labels": {},
            "local_disk": [],
            "maintenance_grace_period": "",
            "maintenance_policy": null,
            "metadata": {
              "user-data": "#cloud-config\nusers:\n  - name: ubuntu\n    groups: sudo\n    shell: /bin/bash\n    sudo: ['ALL=(ALL) NOPASSWD:ALL']\n    ssh-authorized-keys:\n       ssh-rsa AAAAB3NzaC1yc2EAAAADAQABAAACAQCFM/fG1yIYI6fEt52vISQqY0iPqFn2Y0qt9MDP1eSZs9BzGkfu0jIa7H4lJUxkuF1zQmDJ8pTrfBqeZI/4NMkgEvdTL7UZqGEXaL/g9sUokW6p1mfEf+8xeCP2eznUQRM1kHMb8ta27HUVk3yxj1OgZ1XBB26n3lR6dQTyhNnuMeqzHdW7Ucacc3++UEagUfvn2A3mPTQmU1UGE9ytglXNKr0ND49w6BP9UR2nstG4z+QuUIcKCQHtnv08RDxXdlqODJsRQhuUhA38wLV01IuGnCebJjJjQxja4U6poUzYpCQ9HQi4yEzNXiircdJfaclyYKW1KImx5rpvfHRYC+1ZCCB6xQKROhJfSnEfO420tSLK0aI/IkfpFEnTZJL2ElxTAEsZu0RC/bC89XMJlX48erZe7yzQK9xtTlW4mAMftA/kleJLKt4mP8tAEsnNL4lx/nOHaX2R8z/ALbX3PUFVWY02PKPeZl+tRI5RPOo+Gz1hQnTFwPtE4qWRf2daKeEy6Xd8uOJHCtTbswGwJjvvVThxHCNoGIf13gOW0aEMyEVOQPVMFJ6cjTuFt8Ndj6Lfq8U3Hn7ba0/fPq1DfHd3anDoAdU8BTxxGferUckuSG1/j3MPn5nX7EZ4VG3vrb4IRpOmv5lFB3MVj/cbG5MMa38zam2lgqqAl7I3LwTBcQ== matvey@matvey-VirtualBox\n"
            },
            "metadata_options": [
              {
                "aws_v1_http_endpoint": 1,
                "aws_v1_http_token": 2,
                "gce_http_endpoint": 1,
                "gce_http_token": 1
              }
            ],
            "name": "web-2",
            "network_acceleration_type": "standard",
            "network_interface": [
              {
                "dns_record": [],
                "index": 0,
                "ip_address": "10.0.2.24",
                "ipv4": true,
                "ipv6": false,
                "ipv6_address": "",
                "ipv6_dns_record": [],
                "mac_address": "d0:0d:6e:a7:3c:bc",
                "nat": true,
                "nat_dns_record": [],
                "nat_ip_address": "158.160.93.225",
                "nat_ip_version": "IPV4",
                "security_group_ids": [],
                "subnet_id": "e2loeoq0kfairlkrl2g4"
              },
              {
                "dns_record": [],
                "index": 1,
                "ip_address": "10.0.2.3",
                "ipv4": true,
                "ipv6": false,
                "ipv6_address": "",
                "ipv6_dns_record": [],
                "mac_address": "d0:1d:6e:a7:3c:bc",
                "nat": false,
                "nat_dns_record": [],
                "nat_ip_address": "",
                "nat_ip_version": "",
                "security_group_ids": [
                  "enpg30k6isd529gqcfra",
                  "enpkf6vonuoqvgm68572"
                ],
                "subnet_id": "e2loeoq0kfairlkrl2g4"
              }
            ],
            "placement_policy": [
              {
                "host_affinity_rules": [],
                "placement_group_id": "",
                "placement_group_partition": 0
              }
            ],
            "platform_id": "standard-v3",
            "resources": [
              {
                "core_fraction": 20,
                "cores": 2,
                "gpus": 0,
                "memory": 2
              }
            ],
            "scheduling_policy": [
              {
                "preemptible": true
              }
            ],
            "secondary_disk": [],
            "service_account_id": "",
            "status": "running",
            "timeouts": null,
            "zone": "ru-central1-b"
          },
          "sensitive_attributes": [],
          "private": "eyJlMmJmYjczMC1lY2FhLTExZTYtOGY4OC0zNDM2M2JjN2M0YzAiOnsiY3JlYXRlIjozMDAwMDAwMDAwMDAsImRlbGV0ZSI6MzAwMDAwMDAwMDAwLCJ1cGRhdGUiOjMwMDAwMDAwMDAwMH0sInNjaGVtYV92ZXJzaW9uIjoiMSJ9",
          "dependencies": [
            "yandex_vpc_gateway.nat_gateway",
            "yandex_vpc_network.network-1",
            "yandex_vpc_route_table.rt",
            "yandex_vpc_security_group.security-ssh-traffic",
            "yandex_vpc_security_group.security-webservers",
            "yandex_vpc_subnet.subnet-2"
          ]
        }
      ]
    },
    {
      "mode": "managed",
      "type": "yandex_vpc_gateway",
      "name": "nat_gateway",
      "provider": "provider[\"registry.terraform.io/yandex-cloud/yandex\"]",
      "instances": [
        {
          "schema_version": 0,
          "attributes": {
            "created_at": "2025-03-28T12:22:34Z",
            "description": "",
            "folder_id": "b1gopai77ms7chok36rl",
            "id": "enpkq10s8dnn02bihl8t",
            "labels": {},
            "name": "nat-gateway",
            "shared_egress_gateway": [
              {}
            ],
            "timeouts": null
          },
          "sensitive_attributes": [],
          "private": "eyJlMmJmYjczMC1lY2FhLTExZTYtOGY4OC0zNDM2M2JjN2M0YzAiOnsiY3JlYXRlIjo2MDAwMDAwMDAwMCwiZGVsZXRlIjo2MDAwMDAwMDAwMCwidXBkYXRlIjo2MDAwMDAwMDAwMH19"
        }
      ]
    },
    {
      "mode": "managed",
      "type": "yandex_vpc_network",
      "name": "network-1",
      "provider": "provider[\"registry.terraform.io/yandex-cloud/yandex\"]",
      "instances": [
        {
          "schema_version": 0,
          "attributes": {
            "created_at": "2025-03-28T12:22:34Z",
            "default_security_group_id": "enpi6ofabovm057tvof9",
            "description": "",
            "folder_id": "b1gopai77ms7chok36rl",
            "id": "enp91ro8eqjqfooa5ikf",
            "labels": {},
            "name": "network-1",
            "subnet_ids": [
              "e2loeoq0kfairlkrl2g4",
              "e9blnojdsu2sskbv7kks",
              "fl8ncfsbg6ccceorqmb0"
            ],
            "timeouts": null
          },
          "sensitive_attributes": [],
          "private": "eyJlMmJmYjczMC1lY2FhLTExZTYtOGY4OC0zNDM2M2JjN2M0YzAiOnsiY3JlYXRlIjo2MDAwMDAwMDAwMCwiZGVsZXRlIjo2MDAwMDAwMDAwMCwidXBkYXRlIjo2MDAwMDAwMDAwMH19"
        }
      ]
    },
    {
      "mode": "managed",
      "type": "yandex_vpc_route_table",
      "name": "rt",
      "provider": "provider[\"registry.terraform.io/yandex-cloud/yandex\"]",
      "instances": [
        {
          "schema_version": 0,
          "attributes": {
            "created_at": "2025-03-28T12:22:37Z",
            "description": "",
            "folder_id": "b1gopai77ms7chok36rl",
            "id": "enpuddnefe3e5shvdmts",
            "labels": {},
            "name": "nat-route-table",
            "network_id": "enp91ro8eqjqfooa5ikf",
            "static_route": [
              {
                "destination_prefix": "0.0.0.0/0",
                "gateway_id": "enpkq10s8dnn02bihl8t",
                "next_hop_address": ""
              }
            ],
            "timeouts": null
          },
          "sensitive_attributes": [],
          "private": "eyJlMmJmYjczMC1lY2FhLTExZTYtOGY4OC0zNDM2M2JjN2M0YzAiOnsiY3JlYXRlIjoxODAwMDAwMDAwMDAsImRlbGV0ZSI6MTgwMDAwMDAwMDAwLCJ1cGRhdGUiOjE4MDAwMDAwMDAwMH19",
          "dependencies": [
            "yandex_vpc_gateway.nat_gateway",
            "yandex_vpc_network.network-1"
          ]
        }
      ]
    },
    {
      "mode": "managed",
      "type": "yandex_vpc_security_group",
      "name": "security-bastion-host",
      "provider": "provider[\"registry.terraform.io/yandex-cloud/yandex\"]",
      "instances": [
        {
          "schema_version": 0,
          "attributes": {
            "created_at": "2025-03-28T12:22:45Z",
            "description": "",
            "egress": [
              {
                "description": "",
                "from_port": -1,
                "id": "enpec8u39jppr3boiugm",
                "labels": {},
                "port": -1,
                "predefined_target": "",
                "protocol": "ANY",
                "security_group_id": "",
                "to_port": -1,
                "v4_cidr_blocks": [
                  "0.0.0.0/0"
                ],
                "v6_cidr_blocks": []
              }
            ],
            "folder_id": "b1gopai77ms7chok36rl",
            "id": "enpsn06fdhh1s82mmb15",
            "ingress": [
              {
                "description": "",
                "from_port": -1,
                "id": "enp5otsrjcdeo6h6efcv",
                "labels": {},
                "port": 22,
                "predefined_target": "",
                "protocol": "TCP",
                "security_group_id": "",
                "to_port": -1,
                "v4_cidr_blocks": [
                  "0.0.0.0/0"
                ],
                "v6_cidr_blocks": []
              }
            ],
            "labels": {},
            "name": "security-bastion-host",
            "network_id": "enp91ro8eqjqfooa5ikf",
            "status": "ACTIVE",
            "timeouts": null
          },
          "sensitive_attributes": [],
          "private": "eyJlMmJmYjczMC1lY2FhLTExZTYtOGY4OC0zNDM2M2JjN2M0YzAiOnsiY3JlYXRlIjoxODAwMDAwMDAwMDAsImRlbGV0ZSI6MTgwMDAwMDAwMDAwLCJ1cGRhdGUiOjE4MDAwMDAwMDAwMH19",
          "dependencies": [
            "yandex_vpc_network.network-1"
          ]
        }
      ]
    },
    {
      "mode": "managed",
      "type": "yandex_vpc_security_group",
      "name": "security-elasticsearch",
      "provider": "provider[\"registry.terraform.io/yandex-cloud/yandex\"]",
      "instances": [
        {
          "schema_version": 0,
          "attributes": {
            "created_at": "2025-03-28T12:22:47Z",
            "description": "",
            "egress": [
              {
                "description": "",
                "from_port": -1,
                "id": "enphl5t9peif90m0bhjo",
                "labels": {},
                "port": -1,
                "predefined_target": "",
                "protocol": "ANY",
                "security_group_id": "",
                "to_port": -1,
                "v4_cidr_blocks": [
                  "0.0.0.0/0"
                ],
                "v6_cidr_blocks": []
              }
            ],
            "folder_id": "b1gopai77ms7chok36rl",
            "id": "enp4aq09a6krfsglebe1",
            "ingress": [
              {
                "description": "",
                "from_port": -1,
                "id": "enp1uvqduci0i20d9n2n",
                "labels": {},
                "port": 9200,
                "predefined_target": "",
                "protocol": "TCP",
                "security_group_id": "",
                "to_port": -1,
                "v4_cidr_blocks": [
                  "10.0.1.0/24",
                  "10.0.2.0/24",
                  "10.0.3.0/24"
                ],
                "v6_cidr_blocks": []
              },
              {
                "description": "",
                "from_port": -1,
                "id": "enpvr6vt7sti132nh17v",
                "labels": {},
                "port": 9100,
                "predefined_target": "",
                "protocol": "TCP",
                "security_group_id": "",
                "to_port": -1,
                "v4_cidr_blocks": [
                  "10.0.1.0/24",
                  "10.0.2.0/24",
                  "10.0.3.0/24"
                ],
                "v6_cidr_blocks": []
              }
            ],
            "labels": {},
            "name": "security-elasticsearch",
            "network_id": "enp91ro8eqjqfooa5ikf",
            "status": "ACTIVE",
            "timeouts": null
          },
          "sensitive_attributes": [],
          "private": "eyJlMmJmYjczMC1lY2FhLTExZTYtOGY4OC0zNDM2M2JjN2M0YzAiOnsiY3JlYXRlIjoxODAwMDAwMDAwMDAsImRlbGV0ZSI6MTgwMDAwMDAwMDAwLCJ1cGRhdGUiOjE4MDAwMDAwMDAwMH19",
          "dependencies": [
            "yandex_vpc_network.network-1"
          ]
        }
      ]
    },
    {
      "mode": "managed",
      "type": "yandex_vpc_security_group",
      "name": "security-prometheus",
      "provider": "provider[\"registry.terraform.io/yandex-cloud/yandex\"]",
      "instances": [
        {
          "schema_version": 0,
          "attributes": {
            "created_at": "2025-03-28T12:22:43Z",
            "description": "",
            "egress": [
              {
                "description": "",
                "from_port": -1,
                "id": "enpkdfoq9i1gu14hfldr",
                "labels": {},
                "port": -1,
                "predefined_target": "",
                "protocol": "ANY",
                "security_group_id": "",
                "to_port": -1,
                "v4_cidr_blocks": [
                  "0.0.0.0/0"
                ],
                "v6_cidr_blocks": []
              }
            ],
            "folder_id": "b1gopai77ms7chok36rl",
            "id": "enp6h0tji4erg9sr5iju",
            "ingress": [
              {
                "description": "",
                "from_port": -1,
                "id": "enpha2h6etfrlfat8c8p",
                "labels": {},
                "port": 9090,
                "predefined_target": "",
                "protocol": "TCP",
                "security_group_id": "",
                "to_port": -1,
                "v4_cidr_blocks": [
                  "10.0.1.0/24",
                  "10.0.2.0/24",
                  "10.0.3.0/24"
                ],
                "v6_cidr_blocks": []
              },
              {
                "description": "",
                "from_port": -1,
                "id": "enpqvatku6e969i9eo3k",
                "labels": {},
                "port": 9100,
                "predefined_target": "",
                "protocol": "TCP",
                "security_group_id": "",
                "to_port": -1,
                "v4_cidr_blocks": [
                  "10.0.1.0/24",
                  "10.0.2.0/24",
                  "10.0.3.0/24"
                ],
                "v6_cidr_blocks": []
              }
            ],
            "labels": {},
            "name": "security-prometheus",
            "network_id": "enp91ro8eqjqfooa5ikf",
            "status": "ACTIVE",
            "timeouts": null
          },
          "sensitive_attributes": [],
          "private": "eyJlMmJmYjczMC1lY2FhLTExZTYtOGY4OC0zNDM2M2JjN2M0YzAiOnsiY3JlYXRlIjoxODAwMDAwMDAwMDAsImRlbGV0ZSI6MTgwMDAwMDAwMDAwLCJ1cGRhdGUiOjE4MDAwMDAwMDAwMH19",
          "dependencies": [
            "yandex_vpc_network.network-1"
          ]
        }
      ]
    },
    {
      "mode": "managed",
      "type": "yandex_vpc_security_group",
      "name": "security-public-alb",
      "provider": "provider[\"registry.terraform.io/yandex-cloud/yandex\"]",
      "instances": [
        {
          "schema_version": 0,
          "attributes": {
            "created_at": "2025-03-28T12:22:38Z",
            "description": "",
            "egress": [
              {
                "description": "",
                "from_port": -1,
                "id": "enp7m4mp5qrp73rnv16r",
                "labels": {},
                "port": -1,
                "predefined_target": "",
                "protocol": "ANY",
                "security_group_id": "",
                "to_port": -1,
                "v4_cidr_blocks": [
                  "0.0.0.0/0"
                ],
                "v6_cidr_blocks": []
              }
            ],
            "folder_id": "b1gopai77ms7chok36rl",
            "id": "enpni2llm40sf799gioc",
            "ingress": [
              {
                "description": "Health checks",
                "from_port": -1,
                "id": "enp4ma1qrd2k21feqd6m",
                "labels": {},
                "port": -1,
                "predefined_target": "",
                "protocol": "ANY",
                "security_group_id": "",
                "to_port": -1,
                "v4_cidr_blocks": [
                  "0.0.0.0/0"
                ],
                "v6_cidr_blocks": []
              },
              {
                "description": "allow HTTP connections from internet",
                "from_port": -1,
                "id": "enps2d0n7100okm7rhqg",
                "labels": {},
                "port": 80,
                "predefined_target": "",
                "protocol": "TCP",
                "security_group_id": "",
                "to_port": -1,
                "v4_cidr_blocks": [
                  "0.0.0.0/0"
                ],
                "v6_cidr_blocks": []
              },
              {
                "description": "allow ping",
                "from_port": -1,
                "id": "enpsco33tga2cn4uel29",
                "labels": {},
                "port": -1,
                "predefined_target": "",
                "protocol": "ICMP",
                "security_group_id": "",
                "to_port": -1,
                "v4_cidr_blocks": [
                  "0.0.0.0/0"
                ],
                "v6_cidr_blocks": []
              }
            ],
            "labels": {},
            "name": "security-public-alb",
            "network_id": "enp91ro8eqjqfooa5ikf",
            "status": "ACTIVE",
            "timeouts": null
          },
          "sensitive_attributes": [],
          "private": "eyJlMmJmYjczMC1lY2FhLTExZTYtOGY4OC0zNDM2M2JjN2M0YzAiOnsiY3JlYXRlIjoxODAwMDAwMDAwMDAsImRlbGV0ZSI6MTgwMDAwMDAwMDAwLCJ1cGRhdGUiOjE4MDAwMDAwMDAwMH19",
          "dependencies": [
            "yandex_vpc_network.network-1"
          ]
        }
      ]
    },
    {
      "mode": "managed",
      "type": "yandex_vpc_security_group",
      "name": "security-public-grafana",
      "provider": "provider[\"registry.terraform.io/yandex-cloud/yandex\"]",
      "instances": [
        {
          "schema_version": 0,
          "attributes": {
            "created_at": "2025-03-28T12:22:51Z",
            "description": "",
            "egress": [
              {
                "description": "",
                "from_port": -1,
                "id": "enpg8bo0m9o6fpsgtds8",
                "labels": {},
                "port": -1,
                "predefined_target": "",
                "protocol": "ANY",
                "security_group_id": "",
                "to_port": -1,
                "v4_cidr_blocks": [
                  "0.0.0.0/0"
                ],
                "v6_cidr_blocks": []
              }
            ],
            "folder_id": "b1gopai77ms7chok36rl",
            "id": "enpkkm6b8btigqs14vaf",
            "ingress": [
              {
                "description": "",
                "from_port": -1,
                "id": "enp6hqlps24348lj9sq4",
                "labels": {},
                "port": 3000,
                "predefined_target": "",
                "protocol": "TCP",
                "security_group_id": "",
                "to_port": -1,
                "v4_cidr_blocks": [
                  "0.0.0.0/0"
                ],
                "v6_cidr_blocks": []
              },
              {
                "description": "",
                "from_port": -1,
                "id": "enpivte7e8tvcerp82o5",
                "labels": {},
                "port": 9100,
                "predefined_target": "",
                "protocol": "TCP",
                "security_group_id": "",
                "to_port": -1,
                "v4_cidr_blocks": [
                  "10.0.1.0/24",
                  "10.0.2.0/24",
                  "10.0.3.0/24"
                ],
                "v6_cidr_blocks": []
              },
              {
                "description": "",
                "from_port": -1,
                "id": "enpkfkmkj9p0pmr77puf",
                "labels": {},
                "port": 22,
                "predefined_target": "",
                "protocol": "TCP",
                "security_group_id": "",
                "to_port": -1,
                "v4_cidr_blocks": [
                  "0.0.0.0/0"
                ],
                "v6_cidr_blocks": []
              }
            ],
            "labels": {},
            "name": "security-public-grafana",
            "network_id": "enp91ro8eqjqfooa5ikf",
            "status": "ACTIVE",
            "timeouts": null
          },
          "sensitive_attributes": [],
          "private": "eyJlMmJmYjczMC1lY2FhLTExZTYtOGY4OC0zNDM2M2JjN2M0YzAiOnsiY3JlYXRlIjoxODAwMDAwMDAwMDAsImRlbGV0ZSI6MTgwMDAwMDAwMDAwLCJ1cGRhdGUiOjE4MDAwMDAwMDAwMH19",
          "dependencies": [
            "yandex_vpc_network.network-1"
          ]
        }
      ]
    },
    {
      "mode": "managed",
      "type": "yandex_vpc_security_group",
      "name": "security-public-kibana",
      "provider": "provider[\"registry.terraform.io/yandex-cloud/yandex\"]",
      "instances": [
        {
          "schema_version": 0,
          "attributes": {
            "created_at": "2025-03-28T12:22:42Z",
            "description": "",
            "egress": [
              {
                "description": "",
                "from_port": -1,
                "id": "enpd4nhvhm13ge4e0i66",
                "labels": {},
                "port": -1,
                "predefined_target": "",
                "protocol": "ANY",
                "security_group_id": "",
                "to_port": -1,
                "v4_cidr_blocks": [
                  "0.0.0.0/0"
                ],
                "v6_cidr_blocks": []
              }
            ],
            "folder_id": "b1gopai77ms7chok36rl",
            "id": "enp4utuuf740ugaq0g90",
            "ingress": [
              {
                "description": "",
                "from_port": -1,
                "id": "enpbe3frna6a8tie8u93",
                "labels": {},
                "port": 9100,
                "predefined_target": "",
                "protocol": "TCP",
                "security_group_id": "",
                "to_port": -1,
                "v4_cidr_blocks": [
                  "10.0.1.0/24",
                  "10.0.2.0/24",
                  "10.0.3.0/24"
                ],
                "v6_cidr_blocks": []
              },
              {
                "description": "",
                "from_port": -1,
                "id": "enpddsdlgmm60sa8mjhf",
                "labels": {},
                "port": 5601,
                "predefined_target": "",
                "protocol": "TCP",
                "security_group_id": "",
                "to_port": -1,
                "v4_cidr_blocks": [
                  "0.0.0.0/0"
                ],
                "v6_cidr_blocks": []
              }
            ],
            "labels": {},
            "name": "security-public-kibana",
            "network_id": "enp91ro8eqjqfooa5ikf",
            "status": "ACTIVE",
            "timeouts": null
          },
          "sensitive_attributes": [],
          "private": "eyJlMmJmYjczMC1lY2FhLTExZTYtOGY4OC0zNDM2M2JjN2M0YzAiOnsiY3JlYXRlIjoxODAwMDAwMDAwMDAsImRlbGV0ZSI6MTgwMDAwMDAwMDAwLCJ1cGRhdGUiOjE4MDAwMDAwMDAwMH19",
          "dependencies": [
            "yandex_vpc_network.network-1"
          ]
        }
      ]
    },
    {
      "mode": "managed",
      "type": "yandex_vpc_security_group",
      "name": "security-ssh-traffic",
      "provider": "provider[\"registry.terraform.io/yandex-cloud/yandex\"]",
      "instances": [
        {
          "schema_version": 0,
          "attributes": {
            "created_at": "2025-03-28T12:22:49Z",
            "description": "",
            "egress": [],
            "folder_id": "b1gopai77ms7chok36rl",
            "id": "enpkf6vonuoqvgm68572",
            "ingress": [
              {
                "description": "",
                "from_port": -1,
                "id": "enp1mo1b89v2aqc3k1ub",
                "labels": {},
                "port": 22,
                "predefined_target": "",
                "protocol": "TCP",
                "security_group_id": "",
                "to_port": -1,
                "v4_cidr_blocks": [
                  "10.0.1.0/24",
                  "10.0.2.0/24",
                  "10.0.3.0/24"
                ],
                "v6_cidr_blocks": []
              },
              {
                "description": "",
                "from_port": -1,
                "id": "enppdad8vl6fb72bsafe",
                "labels": {},
                "port": -1,
                "predefined_target": "",
                "protocol": "ICMP",
                "security_group_id": "",
                "to_port": -1,
                "v4_cidr_blocks": [
                  "10.0.1.0/24",
                  "10.0.2.0/24",
                  "10.0.3.0/24"
                ],
                "v6_cidr_blocks": []
              }
            ],
            "labels": {},
            "name": "security-ssh-traffic",
            "network_id": "enp91ro8eqjqfooa5ikf",
            "status": "ACTIVE",
            "timeouts": null
          },
          "sensitive_attributes": [],
          "private": "eyJlMmJmYjczMC1lY2FhLTExZTYtOGY4OC0zNDM2M2JjN2M0YzAiOnsiY3JlYXRlIjoxODAwMDAwMDAwMDAsImRlbGV0ZSI6MTgwMDAwMDAwMDAwLCJ1cGRhdGUiOjE4MDAwMDAwMDAwMH19",
          "dependencies": [
            "yandex_vpc_network.network-1"
          ]
        }
      ]
    },
    {
      "mode": "managed",
      "type": "yandex_vpc_security_group",
      "name": "security-webservers",
      "provider": "provider[\"registry.terraform.io/yandex-cloud/yandex\"]",
      "instances": [
        {
          "schema_version": 0,
          "attributes": {
            "created_at": "2025-03-28T12:22:40Z",
            "description": "",
            "egress": [
              {
                "description": "",
                "from_port": -1,
                "id": "enpvhefve6ub13m24vu0",
                "labels": {},
                "port": -1,
                "predefined_target": "",
                "protocol": "ANY",
                "security_group_id": "",
                "to_port": -1,
                "v4_cidr_blocks": [
                  "0.0.0.0/0"
                ],
                "v6_cidr_blocks": []
              }
            ],
            "folder_id": "b1gopai77ms7chok36rl",
            "id": "enpg30k6isd529gqcfra",
            "ingress": [
              {
                "description": "",
                "from_port": -1,
                "id": "enp5sivubcn6llu0r9dr",
                "labels": {},
                "port": 80,
                "predefined_target": "",
                "protocol": "TCP",
                "security_group_id": "",
                "to_port": -1,
                "v4_cidr_blocks": [
                  "10.0.1.0/24",
                  "10.0.2.0/24",
                  "10.0.3.0/24"
                ],
                "v6_cidr_blocks": []
              },
              {
                "description": "",
                "from_port": -1,
                "id": "enp8vmd7c3nin7g3e53j",
                "labels": {},
                "port": 4040,
                "predefined_target": "",
                "protocol": "TCP",
                "security_group_id": "",
                "to_port": -1,
                "v4_cidr_blocks": [
                  "10.0.1.0/24",
                  "10.0.2.0/24",
                  "10.0.3.0/24"
                ],
                "v6_cidr_blocks": []
              },
              {
                "description": "",
                "from_port": -1,
                "id": "enpmtchajra0hos6p47i",
                "labels": {},
                "port": 9100,
                "predefined_target": "",
                "protocol": "TCP",
                "security_group_id": "",
                "to_port": -1,
                "v4_cidr_blocks": [
                  "10.0.1.0/24",
                  "10.0.2.0/24",
                  "10.0.3.0/24"
                ],
                "v6_cidr_blocks": []
              }
            ],
            "labels": {},
            "name": "security-webservers",
            "network_id": "enp91ro8eqjqfooa5ikf",
            "status": "ACTIVE",
            "timeouts": null
          },
          "sensitive_attributes": [],
          "private": "eyJlMmJmYjczMC1lY2FhLTExZTYtOGY4OC0zNDM2M2JjN2M0YzAiOnsiY3JlYXRlIjoxODAwMDAwMDAwMDAsImRlbGV0ZSI6MTgwMDAwMDAwMDAwLCJ1cGRhdGUiOjE4MDAwMDAwMDAwMH19",
          "dependencies": [
            "yandex_vpc_network.network-1"
          ]
        }
      ]
    },
    {
      "mode": "managed",
      "type": "yandex_vpc_subnet",
      "name": "subnet-1",
      "provider": "provider[\"registry.terraform.io/yandex-cloud/yandex\"]",
      "instances": [
        {
          "schema_version": 0,
          "attributes": {
            "created_at": "2025-03-28T12:22:38Z",
            "description": "",
            "dhcp_options": [],
            "folder_id": "b1gopai77ms7chok36rl",
            "id": "e9blnojdsu2sskbv7kks",
            "labels": {},
            "name": "subnet1",
            "network_id": "enp91ro8eqjqfooa5ikf",
            "route_table_id": "enpuddnefe3e5shvdmts",
            "timeouts": null,
            "v4_cidr_blocks": [
              "10.0.1.0/24"
            ],
            "v6_cidr_blocks": [],
            "zone": "ru-central1-a"
          },
          "sensitive_attributes": [],
          "private": "eyJlMmJmYjczMC1lY2FhLTExZTYtOGY4OC0zNDM2M2JjN2M0YzAiOnsiY3JlYXRlIjoxODAwMDAwMDAwMDAsImRlbGV0ZSI6MTgwMDAwMDAwMDAwLCJ1cGRhdGUiOjE4MDAwMDAwMDAwMH19",
          "dependencies": [
            "yandex_vpc_gateway.nat_gateway",
            "yandex_vpc_network.network-1",
            "yandex_vpc_route_table.rt"
          ]
        }
      ]
    },
    {
      "mode": "managed",
      "type": "yandex_vpc_subnet",
      "name": "subnet-2",
      "provider": "provider[\"registry.terraform.io/yandex-cloud/yandex\"]",
      "instances": [
        {
          "schema_version": 0,
          "attributes": {
            "created_at": "2025-03-28T12:22:38Z",
            "description": "",
            "dhcp_options": [],
            "folder_id": "b1gopai77ms7chok36rl",
            "id": "e2loeoq0kfairlkrl2g4",
            "labels": {},
            "name": "subnet2",
            "network_id": "enp91ro8eqjqfooa5ikf",
            "route_table_id": "enpuddnefe3e5shvdmts",
            "timeouts": null,
            "v4_cidr_blocks": [
              "10.0.2.0/24"
            ],
            "v6_cidr_blocks": [],
            "zone": "ru-central1-b"
          },
          "sensitive_attributes": [],
          "private": "eyJlMmJmYjczMC1lY2FhLTExZTYtOGY4OC0zNDM2M2JjN2M0YzAiOnsiY3JlYXRlIjoxODAwMDAwMDAwMDAsImRlbGV0ZSI6MTgwMDAwMDAwMDAwLCJ1cGRhdGUiOjE4MDAwMDAwMDAwMH19",
          "dependencies": [
            "yandex_vpc_gateway.nat_gateway",
            "yandex_vpc_network.network-1",
            "yandex_vpc_route_table.rt"
          ]
        }
      ]
    },
    {
      "mode": "managed",
      "type": "yandex_vpc_subnet",
      "name": "subnet-3",
      "provider": "provider[\"registry.terraform.io/yandex-cloud/yandex\"]",
      "instances": [
        {
          "schema_version": 0,
          "attributes": {
            "created_at": "2025-03-28T12:22:39Z",
            "description": "",
            "dhcp_options": [],
            "folder_id": "b1gopai77ms7chok36rl",
            "id": "fl8ncfsbg6ccceorqmb0",
            "labels": {},
            "name": "subnet3",
            "network_id": "enp91ro8eqjqfooa5ikf",
            "route_table_id": "enpuddnefe3e5shvdmts",
            "timeouts": null,
            "v4_cidr_blocks": [
              "10.0.3.0/24"
            ],
            "v6_cidr_blocks": [],
            "zone": "ru-central1-d"
          },
          "sensitive_attributes": [],
          "private": "eyJlMmJmYjczMC1lY2FhLTExZTYtOGY4OC0zNDM2M2JjN2M0YzAiOnsiY3JlYXRlIjoxODAwMDAwMDAwMDAsImRlbGV0ZSI6MTgwMDAwMDAwMDAwLCJ1cGRhdGUiOjE4MDAwMDAwMDAwMH19",
          "dependencies": [
            "yandex_vpc_gateway.nat_gateway",
            "yandex_vpc_network.network-1",
            "yandex_vpc_route_table.rt"
          ]
        }
      ]
    }
  ],
  "check_results": null
}
